// !$*UTF8*$!
{
	archiveVersion = 1;
	classes = {
	};
	objectVersion = 55;
	objects = {

/* Begin PBXBuildFile section */
		5A451C1B291D7B1400A1481A /* AppDelegate.swift in Sources */ = {isa = PBXBuildFile; fileRef = 5A451C1A291D7B1400A1481A /* AppDelegate.swift */; };
		5A451C1D291D7B1400A1481A /* SceneDelegate.swift in Sources */ = {isa = PBXBuildFile; fileRef = 5A451C1C291D7B1400A1481A /* SceneDelegate.swift */; };
		5A451C27291D7B1800A1481A /* Assets.xcassets in Resources */ = {isa = PBXBuildFile; fileRef = 5A451C26291D7B1800A1481A /* Assets.xcassets */; };
		5A451C2A291D7B1800A1481A /* LaunchScreen.storyboard in Resources */ = {isa = PBXBuildFile; fileRef = 5A451C28291D7B1800A1481A /* LaunchScreen.storyboard */; };
		5A451C32291D7B4B00A1481A /* DetailsVC.swift in Sources */ = {isa = PBXBuildFile; fileRef = 5A451C31291D7B4B00A1481A /* DetailsVC.swift */; };
		5A451C34291D7B5D00A1481A /* HomeVC.swift in Sources */ = {isa = PBXBuildFile; fileRef = 5A451C33291D7B5D00A1481A /* HomeVC.swift */; };
		5A451C36291D7B7800A1481A /* Character.swift in Sources */ = {isa = PBXBuildFile; fileRef = 5A451C35291D7B7800A1481A /* Character.swift */; };
		5A451C38291D7B8200A1481A /* Main.storyboard in Resources */ = {isa = PBXBuildFile; fileRef = 5A451C37291D7B8200A1481A /* Main.storyboard */; };
/* End PBXBuildFile section */

/* Begin PBXFileReference section */
		5A451C17291D7B1400A1481A /* MovieCharacterBook.app */ = {isa = PBXFileReference; explicitFileType = wrapper.application; includeInIndex = 0; path = MovieCharacterBook.app; sourceTree = BUILT_PRODUCTS_DIR; };
		5A451C1A291D7B1400A1481A /* AppDelegate.swift */ = {isa = PBXFileReference; lastKnownFileType = sourcecode.swift; path = AppDelegate.swift; sourceTree = "<group>"; };
		5A451C1C291D7B1400A1481A /* SceneDelegate.swift */ = {isa = PBXFileReference; lastKnownFileType = sourcecode.swift; path = SceneDelegate.swift; sourceTree = "<group>"; };
		5A451C26291D7B1800A1481A /* Assets.xcassets */ = {isa = PBXFileReference; lastKnownFileType = folder.assetcatalog; path = Assets.xcassets; sourceTree = "<group>"; };
		5A451C29291D7B1800A1481A /* Base */ = {isa = PBXFileReference; lastKnownFileType = file.storyboard; name = Base; path = Base.lproj/LaunchScreen.storyboard; sourceTree = "<group>"; };
		5A451C2B291D7B1800A1481A /* Info.plist */ = {isa = PBXFileReference; lastKnownFileType = text.plist.xml; path = Info.plist; sourceTree = "<group>"; };
		5A451C31291D7B4B00A1481A /* DetailsVC.swift */ = {isa = PBXFileReference; fileEncoding = 4; lastKnownFileType = sourcecode.swift; path = DetailsVC.swift; sourceTree = "<group>"; };
		5A451C33291D7B5D00A1481A /* HomeVC.swift */ = {isa = PBXFileReference; fileEncoding = 4; lastKnownFileType = sourcecode.swift; path = HomeVC.swift; sourceTree = "<group>"; };
		5A451C35291D7B7800A1481A /* Character.swift */ = {isa = PBXFileReference; fileEncoding = 4; lastKnownFileType = sourcecode.swift; path = Character.swift; sourceTree = "<group>"; };
		5A451C37291D7B8200A1481A /* Main.storyboard */ = {isa = PBXFileReference; fileEncoding = 4; lastKnownFileType = file.storyboard; path = Main.storyboard; sourceTree = "<group>"; };
/* End PBXFileReference section */

/* Begin PBXFrameworksBuildPhase section */
		5A451C14291D7B1400A1481A /* Frameworks */ = {
			isa = PBXFrameworksBuildPhase;
			buildActionMask = 2147483647;
			files = (
			);
			runOnlyForDeploymentPostprocessing = 0;
		};
/* End PBXFrameworksBuildPhase section */

/* Begin PBXGroup section */
		5A451C0E291D7B1400A1481A = {
			isa = PBXGroup;
			children = (
				5A451C19291D7B1400A1481A /* MovieCharacterBook */,
				5A451C18291D7B1400A1481A /* Products */,
			);
			sourceTree = "<group>";
		};
		5A451C18291D7B1400A1481A /* Products */ = {
			isa = PBXGroup;
			children = (
				5A451C17291D7B1400A1481A /* MovieCharacterBook.app */,
			);
			name = Products;
			sourceTree = "<group>";
		};
		5A451C19291D7B1400A1481A /* MovieCharacterBook */ = {
			isa = PBXGroup;
			children = (
				5A451C3C291D7BDA00A1481A /* Storyboard */,
				5A451C3B291D7BCE00A1481A /* Controllers */,
				5A451C3A291D7BC400A1481A /* Model */,
				5A451C39291D7BB800A1481A /* Delegates */,
				5A451C26291D7B1800A1481A /* Assets.xcassets */,
				5A451C2B291D7B1800A1481A /* Info.plist */,
			);
			path = MovieCharacterBook;
			sourceTree = "<group>";
		};
		5A451C39291D7BB800A1481A /* Delegates */ = {
			isa = PBXGroup;
			children = (
				5A451C1A291D7B1400A1481A /* AppDelegate.swift */,
				5A451C1C291D7B1400A1481A /* SceneDelegate.swift */,
			);
			path = Delegates;
			sourceTree = "<group>";
		};
		5A451C3A291D7BC400A1481A /* Model */ = {
			isa = PBXGroup;
			children = (
				5A451C35291D7B7800A1481A /* Character.swift */,
			);
			path = Model;
			sourceTree = "<group>";
		};
		5A451C3B291D7BCE00A1481A /* Controllers */ = {
			isa = PBXGroup;
			children = (
				5A451C33291D7B5D00A1481A /* HomeVC.swift */,
				5A451C31291D7B4B00A1481A /* DetailsVC.swift */,
			);
			path = Controllers;
			sourceTree = "<group>";
		};
		5A451C3C291D7BDA00A1481A /* Storyboard */ = {
			isa = PBXGroup;
			children = (
				5A451C37291D7B8200A1481A /* Main.storyboard */,
				5A451C28291D7B1800A1481A /* LaunchScreen.storyboard */,
			);
			path = Storyboard;
			sourceTree = "<group>";
		};
/* End PBXGroup section */

/* Begin PBXNativeTarget section */
		5A451C16291D7B1400A1481A /* MovieCharacterBook */ = {
			isa = PBXNativeTarget;
			buildConfigurationList = 5A451C2E291D7B1800A1481A /* Build configuration list for PBXNativeTarget "MovieCharacterBook" */;
			buildPhases = (
				5A451C13291D7B1400A1481A /* Sources */,
				5A451C14291D7B1400A1481A /* Frameworks */,
				5A451C15291D7B1400A1481A /* Resources */,
			);
			buildRules = (
			);
			dependencies = (
			);
			name = MovieCharacterBook;
			productName = MovieCharacterBook;
			productReference = 5A451C17291D7B1400A1481A /* MovieCharacterBook.app */;
			productType = "com.apple.product-type.application";
		};
/* End PBXNativeTarget section */

/* Begin PBXProject section */
		5A451C0F291D7B1400A1481A /* Project object */ = {
			isa = PBXProject;
			attributes = {
				BuildIndependentTargetsInParallel = 1;
				LastSwiftUpdateCheck = 1330;
				LastUpgradeCheck = 1330;
				TargetAttributes = {
					5A451C16291D7B1400A1481A = {
						CreatedOnToolsVersion = 13.3.1;
					};
				};
			};
			buildConfigurationList = 5A451C12291D7B1400A1481A /* Build configuration list for PBXProject "MovieCharacterBook" */;
			compatibilityVersion = "Xcode 13.0";
			developmentRegion = en;
			hasScannedForEncodings = 0;
			knownRegions = (
				en,
				Base,
			);
			mainGroup = 5A451C0E291D7B1400A1481A;
			productRefGroup = 5A451C18291D7B1400A1481A /* Products */;
			projectDirPath = "";
			projectRoot = "";
			targets = (
				5A451C16291D7B1400A1481A /* MovieCharacterBook */,
			);
		};
/* End PBXProject section */

/* Begin PBXResourcesBuildPhase section */
		5A451C15291D7B1400A1481A /* Resources */ = {
			isa = PBXResourcesBuildPhase;
			buildActionMask = 2147483647;
			files = (
				5A451C2A291D7B1800A1481A /* LaunchScreen.storyboard in Resources */,
				5A451C27291D7B1800A1481A /* Assets.xcassets in Resources */,
				5A451C38291D7B8200A1481A /* Main.storyboard in Resources */,
			);
			runOnlyForDeploymentPostprocessing = 0;
		};
/* End PBXResourcesBuildPhase section */

/* Begin PBXSourcesBuildPhase section */
		5A451C13291D7B1400A1481A /* Sources */ = {
			isa = PBXSourcesBuildPhase;
			buildActionMask = 2147483647;
			files = (
				5A451C1B291D7B1400A1481A /* AppDelegate.swift in Sources */,
				5A451C34291D7B5D00A1481A /* HomeVC.swift in Sources */,
				5A451C1D291D7B1400A1481A /* SceneDelegate.swift in Sources */,
				5A451C36291D7B7800A1481A /* Character.swift in Sources */,
				5A451C32291D7B4B00A1481A /* DetailsVC.swift in Sources */,
			);
			runOnlyForDeploymentPostprocessing = 0;
		};
/* End PBXSourcesBuildPhase section */

/* Begin PBXVariantGroup section */
		5A451C28291D7B1800A1481A /* LaunchScreen.storyboard */ = {
			isa = PBXVariantGroup;
			children = (
				5A451C29291D7B1800A1481A /* Base */,
			);
			name = LaunchScreen.storyboard;
			sourceTree = "<group>";
		};
/* End PBXVariantGroup section */

/* Begin XCBuildConfiguration section */
		5A451C2C291D7B1800A1481A /* Debug */ = {
			isa = XCBuildConfiguration;
			buildSettings = {
				ALWAYS_SEARCH_USER_PATHS = NO;
				CLANG_ANALYZER_NONNULL = YES;
				CLANG_ANALYZER_NUMBER_OBJECT_CONVERSION = YES_AGGRESSIVE;
				CLANG_CXX_LANGUAGE_STANDARD = "gnu++17";
				CLANG_ENABLE_MODULES = YES;
				CLANG_ENABLE_OBJC_ARC = YES;
				CLANG_ENABLE_OBJC_WEAK = YES;
				CLANG_WARN_BLOCK_CAPTURE_AUTORELEASING = YES;
				CLANG_WARN_BOOL_CONVERSION = YES;
				CLANG_WARN_COMMA = YES;
				CLANG_WARN_CONSTANT_CONVERSION = YES;
				CLANG_WARN_DEPRECATED_OBJC_IMPLEMENTATIONS = YES;
				CLANG_WARN_DIRECT_OBJC_ISA_USAGE = YES_ERROR;
				CLANG_WARN_DOCUMENTATION_COMMENTS = YES;
				CLANG_WARN_EMPTY_BODY = YES;
				CLANG_WARN_ENUM_CONVERSION = YES;
				CLANG_WARN_INFINITE_RECURSION = YES;
				CLANG_WARN_INT_CONVERSION = YES;
				CLANG_WARN_NON_LITERAL_NULL_CONVERSION = YES;
				CLANG_WARN_OBJC_IMPLICIT_RETAIN_SELF = YES;
				CLANG_WARN_OBJC_LITERAL_CONVERSION = YES;
				CLANG_WARN_OBJC_ROOT_CLASS = YES_ERROR;
				CLANG_WARN_QUOTED_INCLUDE_IN_FRAMEWORK_HEADER = YES;
				CLANG_WARN_RANGE_LOOP_ANALYSIS = YES;
				CLANG_WARN_STRICT_PROTOTYPES = YES;
				CLANG_WARN_SUSPICIOUS_MOVE = YES;
				CLANG_WARN_UNGUARDED_AVAILABILITY = YES_AGGRESSIVE;
				CLANG_WARN_UNREACHABLE_CODE = YES;
				CLANG_WARN__DUPLICATE_METHOD_MATCH = YES;
				COPY_PHASE_STRIP = NO;
				DEBUG_INFORMATION_FORMAT = dwarf;
				ENABLE_STRICT_OBJC_MSGSEND = YES;
				ENABLE_TESTABILITY = YES;
				GCC_C_LANGUAGE_STANDARD = gnu11;
				GCC_DYNAMIC_NO_PIC = NO;
				GCC_NO_COMMON_BLOCKS = YES;
				GCC_OPTIMIZATION_LEVEL = 0;
				GCC_PREPROCESSOR_DEFINITIONS = (
					"DEBUG=1",
					"$(inherited)",
				);
				GCC_WARN_64_TO_32_BIT_CONVERSION = YES;
				GCC_WARN_ABOUT_RETURN_TYPE = YES_ERROR;
				GCC_WARN_UNDECLARED_SELECTOR = YES;
				GCC_WARN_UNINITIALIZED_AUTOS = YES_AGGRESSIVE;
				GCC_WARN_UNUSED_FUNCTION = YES;
				GCC_WARN_UNUSED_VARIABLE = YES;
				IPHONEOS_DEPLOYMENT_TARGET = 15.4;
				MTL_ENABLE_DEBUG_INFO = INCLUDE_SOURCE;
				MTL_FAST_MATH = YES;
				ONLY_ACTIVE_ARCH = YES;
				SDKROOT = iphoneos;
				SWIFT_ACTIVE_COMPILATION_CONDITIONS = DEBUG;
				SWIFT_OPTIMIZATION_LEVEL = "-Onone";
			};
			name = Debug;
		};
		5A451C2D291D7B1800A1481A /* Release */ = {
			isa = XCBuildConfiguration;
			buildSettings = {
				ALWAYS_SEARCH_USER_PATHS = NO;
				CLANG_ANALYZER_NONNULL = YES;
				CLANG_ANALYZER_NUMBER_OBJECT_CONVERSION = YES_AGGRESSIVE;
				CLANG_CXX_LANGUAGE_STANDARD = "gnu++17";
				CLANG_ENABLE_MODULES = YES;
				CLANG_ENABLE_OBJC_ARC = YES;
				CLANG_ENABLE_OBJC_WEAK = YES;
				CLANG_WARN_BLOCK_CAPTURE_AUTORELEASING = YES;
				CLANG_WARN_BOOL_CONVERSION = YES;
				CLANG_WARN_COMMA = YES;
				CLANG_WARN_CONSTANT_CONVERSION = YES;
				CLANG_WARN_DEPRECATED_OBJC_IMPLEMENTATIONS = YES;
				CLANG_WARN_DIRECT_OBJC_ISA_USAGE = YES_ERROR;
				CLANG_WARN_DOCUMENTATION_COMMENTS = YES;
				CLANG_WARN_EMPTY_BODY = YES;
				CLANG_WARN_ENUM_CONVERSION = YES;
				CLANG_WARN_INFINITE_RECURSION = YES;
				CLANG_WARN_INT_CONVERSION = YES;
				CLANG_WARN_NON_LITERAL_NULL_CONVERSION = YES;
				CLANG_WARN_OBJC_IMPLICIT_RETAIN_SELF = YES;
				CLANG_WARN_OBJC_LITERAL_CONVERSION = YES;
				CLANG_WARN_OBJC_ROOT_CLASS = YES_ERROR;
				CLANG_WARN_QUOTED_INCLUDE_IN_FRAMEWORK_HEADER = YES;
				CLANG_WARN_RANGE_LOOP_ANALYSIS = YES;
				CLANG_WARN_STRICT_PROTOTYPES = YES;
				CLANG_WARN_SUSPICIOUS_MOVE = YES;
				CLANG_WARN_UNGUARDED_AVAILABILITY = YES_AGGRESSIVE;
				CLANG_WARN_UNREACHABLE_CODE = YES;
				CLANG_WARN__DUPLICATE_METHOD_MATCH = YES;
				COPY_PHASE_STRIP = NO;
				DEBUG_INFORMATION_FORMAT = "dwarf-with-dsym";
				ENABLE_NS_ASSERTIONS = NO;
				ENABLE_STRICT_OBJC_MSGSEND = YES;
				GCC_C_LANGUAGE_STANDARD = gnu11;
				GCC_NO_COMMON_BLOCKS = YES;
				GCC_WARN_64_TO_32_BIT_CONVERSION = YES;
				GCC_WARN_ABOUT_RETURN_TYPE = YES_ERROR;
				GCC_WARN_UNDECLARED_SELECTOR = YES;
				GCC_WARN_UNINITIALIZED_AUTOS = YES_AGGRESSIVE;
				GCC_WARN_UNUSED_FUNCTION = YES;
				GCC_WARN_UNUSED_VARIABLE = YES;
				IPHONEOS_DEPLOYMENT_TARGET = 15.4;
				MTL_ENABLE_DEBUG_INFO = NO;
				MTL_FAST_MATH = YES;
				SDKROOT = iphoneos;
				SWIFT_COMPILATION_MODE = wholemodule;
				SWIFT_OPTIMIZATION_LEVEL = "-O";
				VALIDATE_PRODUCT = YES;
			};
			name = Release;
		};
		5A451C2F291D7B1800A1481A /* Debug */ = {
			isa = XCBuildConfiguration;
			buildSettings = {
				ASSETCATALOG_COMPILER_APPICON_NAME = AppIcon;
				ASSETCATALOG_COMPILER_GLOBAL_ACCENT_COLOR_NAME = AccentColor;
				CODE_SIGN_STYLE = Automatic;
				CURRENT_PROJECT_VERSION = 1;
				DEVELOPMENT_TEAM = Z57SWJSG67;
				GENERATE_INFOPLIST_FILE = YES;
				INFOPLIST_FILE = MovieCharacterBook/Info.plist;
				INFOPLIST_KEY_UIApplicationSupportsIndirectInputEvents = YES;
				INFOPLIST_KEY_UILaunchStoryboardName = LaunchScreen;
				INFOPLIST_KEY_UIMainStoryboardFile = Main;
				INFOPLIST_KEY_UISupportedInterfaceOrientations_iPad = "UIInterfaceOrientationPortrait UIInterfaceOrientationPortraitUpsideDown UIInterfaceOrientationLandscapeLeft UIInterfaceOrientationLandscapeRight";
				INFOPLIST_KEY_UISupportedInterfaceOrientations_iPhone = "UIInterfaceOrientationPortrait UIInterfaceOrientationLandscapeLeft UIInterfaceOrientationLandscapeRight";
				LD_RUNPATH_SEARCH_PATHS = (
					"$(inherited)",
					"@executable_path/Frameworks",
				);
				MARKETING_VERSION = 1.0;
				PRODUCT_BUNDLE_IDENTIFIER = com.ayse.MovieCharacterBook;
				PRODUCT_NAME = "$(TARGET_NAME)";
				SWIFT_EMIT_LOC_STRINGS = YES;
				SWIFT_VERSION = 5.0;
				TARGETED_DEVICE_FAMILY = "1,2";
			};
			name = Debug;
		};
		5A451C30291D7B1800A1481A /* Release */ = {
			isa = XCBuildConfiguration;
			buildSettings = {
				ASSETCATALOG_COMPILER_APPICON_NAME = AppIcon;
				ASSETCATALOG_COMPILER_GLOBAL_ACCENT_COLOR_NAME = AccentColor;
				CODE_SIGN_STYLE = Automatic;
				CURRENT_PROJECT_VERSION = 1;
				DEVELOPMENT_TEAM = Z57SWJSG67;
				GENERATE_INFOPLIST_FILE = YES;
				INFOPLIST_FILE = MovieCharacterBook/Info.plist;
				INFOPLIST_KEY_UIApplicationSupportsIndirectInputEvents = YES;
				INFOPLIST_KEY_UILaunchStoryboardName = LaunchScreen;
				INFOPLIST_KEY_UIMainStoryboardFile = Main;
				INFOPLIST_KEY_UISupportedInterfaceOrientations_iPad = "UIInterfaceOrientationPortrait UIInterfaceOrientationPortraitUpsideDown UIInterfaceOrientationLandscapeLeft UIInterfaceOrientationLandscapeRight";
				INFOPLIST_KEY_UISupportedInterfaceOrientations_iPhone = "UIInterfaceOrientationPortrait UIInterfaceOrientationLandscapeLeft UIInterfaceOrientationLandscapeRight";
				LD_RUNPATH_SEARCH_PATHS = (
					"$(inherited)",
					"@executable_path/Frameworks",
				);
				MARKETING_VERSION = 1.0;
				PRODUCT_BUNDLE_IDENTIFIER = com.ayse.MovieCharacterBook;
				PRODUCT_NAME = "$(TARGET_NAME)";
				SWIFT_EMIT_LOC_STRINGS = YES;
				SWIFT_VERSION = 5.0;
				TARGETED_DEVICE_FAMILY = "1,2";
			};
			name = Release;
		};
/* End XCBuildConfiguration section */

/* Begin XCConfigurationList section */
		5A451C12291D7B1400A1481A /* Build configuration list for PBXProject "MovieCharacterBook" */ = {
			isa = XCConfigurationList;
			buildConfigurations = (
				5A451C2C291D7B1800A1481A /* Debug */,
				5A451C2D291D7B1800A1481A /* Release */,
			);
			defaultConfigurationIsVisible = 0;
			defaultConfigurationName = Release;
		};
		5A451C2E291D7B1800A1481A /* Build configuration list for PBXNativeTarget "MovieCharacterBook" */ = {
			isa = XCConfigurationList;
			buildConfigurations = (
				5A451C2F291D7B1800A1481A /* Debug */,
				5A451C30291D7B1800A1481A /* Release */,
			);
			defaultConfigurationIsVisible = 0;
			defaultConfigurationName = Release;
		};
/* End XCConfigurationList section */
	};
	rootObject = 5A451C0F291D7B1400A1481A /* Project object */;
}
